
Microsoft Visual Studio Solution File, Format Version 12.00
# Visual Studio 15
VisualStudioVersion = 15.0.26124.0
MinimumVisualStudioVersion = 15.0.26124.0
Project("{2150E333-8FDC-42A3-9474-1A3956D46DE8}") = "apps", "apps", "{06F2477F-4A75-487C-833B-5681DB6B8D93}"
EndProject
Project("{FAE04EC0-301F-11D3-BF4B-00C04F79EFBC}") = "order", "apps\order\order.csproj", "{C6CFAA12-3289-4681-AE99-3F1045F674D1}"
EndProject
Project("{FAE04EC0-301F-11D3-BF4B-00C04F79EFBC}") = "order-listener", "apps\order-listener\order-listener.csproj", "{EC63A8AD-9077-4CD8-86C5-EFA57756D9B3}"
EndProject
Project("{FAE04EC0-301F-11D3-BF4B-00C04F79EFBC}") = "process", "apps\process\process.csproj", "{1353B5E2-A70E-44BD-AECA-361CE661C9A2}"
EndProject
Global
	GlobalSection(SolutionConfigurationPlatforms) = preSolution
		Debug|Any CPU = Debug|Any CPU
		Debug|x64 = Debug|x64
		Debug|x86 = Debug|x86
		Release|Any CPU = Release|Any CPU
		Release|x64 = Release|x64
		Release|x86 = Release|x86
	EndGlobalSection
	GlobalSection(SolutionProperties) = preSolution
		HideSolutionNode = FALSE
	EndGlobalSection
	GlobalSection(ProjectConfigurationPlatforms) = postSolution
		{C6CFAA12-3289-4681-AE99-3F1045F674D1}.Debug|Any CPU.ActiveCfg = Debug|Any CPU
		{C6CFAA12-3289-4681-AE99-3F1045F674D1}.Debug|Any CPU.Build.0 = Debug|Any CPU
		{C6CFAA12-3289-4681-AE99-3F1045F674D1}.Debug|x64.ActiveCfg = Debug|Any CPU
		{C6CFAA12-3289-4681-AE99-3F1045F674D1}.Debug|x64.Build.0 = Debug|Any CPU
		{C6CFAA12-3289-4681-AE99-3F1045F674D1}.Debug|x86.ActiveCfg = Debug|Any CPU
		{C6CFAA12-3289-4681-AE99-3F1045F674D1}.Debug|x86.Build.0 = Debug|Any CPU
		{C6CFAA12-3289-4681-AE99-3F1045F674D1}.Release|Any CPU.ActiveCfg = Release|Any CPU
		{C6CFAA12-3289-4681-AE99-3F1045F674D1}.Release|Any CPU.Build.0 = Release|Any CPU
		{C6CFAA12-3289-4681-AE99-3F1045F674D1}.Release|x64.ActiveCfg = Release|Any CPU
		{C6CFAA12-3289-4681-AE99-3F1045F674D1}.Release|x64.Build.0 = Release|Any CPU
		{C6CFAA12-3289-4681-AE99-3F1045F674D1}.Release|x86.ActiveCfg = Release|Any CPU
		{C6CFAA12-3289-4681-AE99-3F1045F674D1}.Release|x86.Build.0 = Release|Any CPU
		{EC63A8AD-9077-4CD8-86C5-EFA57756D9B3}.Debug|Any CPU.ActiveCfg = Debug|Any CPU
		{EC63A8AD-9077-4CD8-86C5-EFA57756D9B3}.Debug|Any CPU.Build.0 = Debug|Any CPU
		{EC63A8AD-9077-4CD8-86C5-EFA57756D9B3}.Debug|x64.ActiveCfg = Debug|Any CPU
		{EC63A8AD-9077-4CD8-86C5-EFA57756D9B3}.Debug|x64.Build.0 = Debug|Any CPU
		{EC63A8AD-9077-4CD8-86C5-EFA57756D9B3}.Debug|x86.ActiveCfg = Debug|Any CPU
		{EC63A8AD-9077-4CD8-86C5-EFA57756D9B3}.Debug|x86.Build.0 = Debug|Any CPU
		{EC63A8AD-9077-4CD8-86C5-EFA57756D9B3}.Release|Any CPU.ActiveCfg = Release|Any CPU
		{EC63A8AD-9077-4CD8-86C5-EFA57756D9B3}.Release|Any CPU.Build.0 = Release|Any CPU
		{EC63A8AD-9077-4CD8-86C5-EFA57756D9B3}.Release|x64.ActiveCfg = Release|Any CPU
		{EC63A8AD-9077-4CD8-86C5-EFA57756D9B3}.Release|x64.Build.0 = Release|Any CPU
		{EC63A8AD-9077-4CD8-86C5-EFA57756D9B3}.Release|x86.ActiveCfg = Release|Any CPU
		{EC63A8AD-9077-4CD8-86C5-EFA57756D9B3}.Release|x86.Build.0 = Release|Any CPU
		{1353B5E2-A70E-44BD-AECA-361CE661C9A2}.Debug|Any CPU.ActiveCfg = Debug|Any CPU
		{1353B5E2-A70E-44BD-AECA-361CE661C9A2}.Debug|Any CPU.Build.0 = Debug|Any CPU
		{1353B5E2-A70E-44BD-AECA-361CE661C9A2}.Debug|x64.ActiveCfg = Debug|Any CPU
		{1353B5E2-A70E-44BD-AECA-361CE661C9A2}.Debug|x64.Build.0 = Debug|Any CPU
		{1353B5E2-A70E-44BD-AECA-361CE661C9A2}.Debug|x86.ActiveCfg = Debug|Any CPU
		{1353B5E2-A70E-44BD-AECA-361CE661C9A2}.Debug|x86.Build.0 = Debug|Any CPU
		{1353B5E2-A70E-44BD-AECA-361CE661C9A2}.Release|Any CPU.ActiveCfg = Release|Any CPU
		{1353B5E2-A70E-44BD-AECA-361CE661C9A2}.Release|Any CPU.Build.0 = Release|Any CPU
		{1353B5E2-A70E-44BD-AECA-361CE661C9A2}.Release|x64.ActiveCfg = Release|Any CPU
		{1353B5E2-A70E-44BD-AECA-361CE661C9A2}.Release|x64.Build.0 = Release|Any CPU
		{1353B5E2-A70E-44BD-AECA-361CE661C9A2}.Release|x86.ActiveCfg = Release|Any CPU
		{1353B5E2-A70E-44BD-AECA-361CE661C9A2}.Release|x86.Build.0 = Release|Any CPU
	EndGlobalSection
	GlobalSection(NestedProjects) = preSolution
		{C6CFAA12-3289-4681-AE99-3F1045F674D1} = {06F2477F-4A75-487C-833B-5681DB6B8D93}
		{EC63A8AD-9077-4CD8-86C5-EFA57756D9B3} = {06F2477F-4A75-487C-833B-5681DB6B8D93}
		{1353B5E2-A70E-44BD-AECA-361CE661C9A2} = {06F2477F-4A75-487C-833B-5681DB6B8D93}
	EndGlobalSection
EndGlobal
